// !$*UTF8*$!
{
	archiveVersion = 1;
	classes = {
	};
	objectVersion = 56;
	objects = {

/* Begin PBXBuildFile section */
		820A68352C296441003A24B3 /* Extensions.swift in Sources */ = {isa = PBXBuildFile; fileRef = 820A68342C296441003A24B3 /* Extensions.swift */; };
		82260E322C336DA700C465F7 /* Launch Screen.storyboard in Resources */ = {isa = PBXBuildFile; fileRef = 82260E312C336DA700C465F7 /* Launch Screen.storyboard */; };
		825BBA0B2C218D9500A99C38 /* ProfileView.swift in Sources */ = {isa = PBXBuildFile; fileRef = 825BBA0A2C218D9500A99C38 /* ProfileView.swift */; };
		825BBA0D2C218DFF00A99C38 /* ToDoListView.swift in Sources */ = {isa = PBXBuildFile; fileRef = 825BBA0C2C218DFF00A99C38 /* ToDoListView.swift */; };
		825BBA0F2C218E2800A99C38 /* NewItemView.swift in Sources */ = {isa = PBXBuildFile; fileRef = 825BBA0E2C218E2800A99C38 /* NewItemView.swift */; };
		825BBA112C218F6B00A99C38 /* LoginView.swift in Sources */ = {isa = PBXBuildFile; fileRef = 825BBA102C218F6B00A99C38 /* LoginView.swift */; };
		825BBA132C218F9700A99C38 /* RegisterView.swift in Sources */ = {isa = PBXBuildFile; fileRef = 825BBA122C218F9700A99C38 /* RegisterView.swift */; };
		825BBA152C218FD900A99C38 /* ToDoListItemView.swift in Sources */ = {isa = PBXBuildFile; fileRef = 825BBA142C218FD900A99C38 /* ToDoListItemView.swift */; };
		825BBA172C22C3F300A99C38 /* User.swift in Sources */ = {isa = PBXBuildFile; fileRef = 825BBA162C22C3F300A99C38 /* User.swift */; };
		825BBA192C22C40900A99C38 /* ToDoListItem.swift in Sources */ = {isa = PBXBuildFile; fileRef = 825BBA182C22C40900A99C38 /* ToDoListItem.swift */; };
		825BBA1B2C22C45100A99C38 /* MainViewViewModel.swift in Sources */ = {isa = PBXBuildFile; fileRef = 825BBA1A2C22C45100A99C38 /* MainViewViewModel.swift */; };
		825BBA1D2C22C47F00A99C38 /* ProfileViewViewModel.swift in Sources */ = {isa = PBXBuildFile; fileRef = 825BBA1C2C22C47F00A99C38 /* ProfileViewViewModel.swift */; };
		825BBA1F2C22C4B600A99C38 /* ToDoListViewViewModel.swift in Sources */ = {isa = PBXBuildFile; fileRef = 825BBA1E2C22C4B600A99C38 /* ToDoListViewViewModel.swift */; };
		825BBA212C22C4E400A99C38 /* NewItemViewViewModel.swift in Sources */ = {isa = PBXBuildFile; fileRef = 825BBA202C22C4E400A99C38 /* NewItemViewViewModel.swift */; };
		825BBA232C22C50F00A99C38 /* LoginViewViewModel.swift in Sources */ = {isa = PBXBuildFile; fileRef = 825BBA222C22C50F00A99C38 /* LoginViewViewModel.swift */; };
		825BBA252C22C52A00A99C38 /* RegisterViewViewModel.swift in Sources */ = {isa = PBXBuildFile; fileRef = 825BBA242C22C52A00A99C38 /* RegisterViewViewModel.swift */; };
		825BBA272C22C57000A99C38 /* ToDoListItemViewViewModel.swift in Sources */ = {isa = PBXBuildFile; fileRef = 825BBA262C22C57000A99C38 /* ToDoListItemViewViewModel.swift */; };
		825BBA292C24018A00A99C38 /* BackgroundView.swift in Sources */ = {isa = PBXBuildFile; fileRef = 825BBA282C24018900A99C38 /* BackgroundView.swift */; };
		825BBA2B2C2656C600A99C38 /* TLButton.swift in Sources */ = {isa = PBXBuildFile; fileRef = 825BBA2A2C2656C600A99C38 /* TLButton.swift */; };
		829A2B152C21500B0070C7C9 /* ToDoListApp.swift in Sources */ = {isa = PBXBuildFile; fileRef = 829A2B142C21500B0070C7C9 /* ToDoListApp.swift */; };
		829A2B172C21500B0070C7C9 /* MainView.swift in Sources */ = {isa = PBXBuildFile; fileRef = 829A2B162C21500B0070C7C9 /* MainView.swift */; };
		829A2B192C2150240070C7C9 /* Assets.xcassets in Resources */ = {isa = PBXBuildFile; fileRef = 829A2B182C2150240070C7C9 /* Assets.xcassets */; };
		829A2B1C2C2150240070C7C9 /* Preview Assets.xcassets in Resources */ = {isa = PBXBuildFile; fileRef = 829A2B1B2C2150240070C7C9 /* Preview Assets.xcassets */; };
		829A2B262C2164220070C7C9 /* FirebaseAnalytics in Frameworks */ = {isa = PBXBuildFile; productRef = 829A2B252C2164220070C7C9 /* FirebaseAnalytics */; };
		829A2B282C2164220070C7C9 /* FirebaseAuth in Frameworks */ = {isa = PBXBuildFile; productRef = 829A2B272C2164220070C7C9 /* FirebaseAuth */; };
		829A2B2A2C2164220070C7C9 /* FirebaseFirestore in Frameworks */ = {isa = PBXBuildFile; productRef = 829A2B292C2164220070C7C9 /* FirebaseFirestore */; };
		829A2B2C2C2164220070C7C9 /* FirebaseFirestoreSwift in Frameworks */ = {isa = PBXBuildFile; productRef = 829A2B2B2C2164220070C7C9 /* FirebaseFirestoreSwift */; };
		82D62F362CBB9FC100B8DDFB /* IQKeyboardManagerSwift in Frameworks */ = {isa = PBXBuildFile; productRef = 82D62F352CBB9FC100B8DDFB /* IQKeyboardManagerSwift */; };
/* End PBXBuildFile section */

/* Begin PBXFileReference section */
		820A68342C296441003A24B3 /* Extensions.swift */ = {isa = PBXFileReference; lastKnownFileType = sourcecode.swift; path = Extensions.swift; sourceTree = "<group>"; };
		82260E312C336DA700C465F7 /* Launch Screen.storyboard */ = {isa = PBXFileReference; lastKnownFileType = file.storyboard; path = "Launch Screen.storyboard"; sourceTree = "<group>"; };
		825BBA0A2C218D9500A99C38 /* ProfileView.swift */ = {isa = PBXFileReference; lastKnownFileType = sourcecode.swift; path = ProfileView.swift; sourceTree = "<group>"; };
		825BBA0C2C218DFF00A99C38 /* ToDoListView.swift */ = {isa = PBXFileReference; lastKnownFileType = sourcecode.swift; path = ToDoListView.swift; sourceTree = "<group>"; };
		825BBA0E2C218E2800A99C38 /* NewItemView.swift */ = {isa = PBXFileReference; lastKnownFileType = sourcecode.swift; path = NewItemView.swift; sourceTree = "<group>"; };
		825BBA102C218F6B00A99C38 /* LoginView.swift */ = {isa = PBXFileReference; lastKnownFileType = sourcecode.swift; path = LoginView.swift; sourceTree = "<group>"; };
		825BBA122C218F9700A99C38 /* RegisterView.swift */ = {isa = PBXFileReference; lastKnownFileType = sourcecode.swift; path = RegisterView.swift; sourceTree = "<group>"; };
		825BBA142C218FD900A99C38 /* ToDoListItemView.swift */ = {isa = PBXFileReference; lastKnownFileType = sourcecode.swift; path = ToDoListItemView.swift; sourceTree = "<group>"; };
		825BBA162C22C3F300A99C38 /* User.swift */ = {isa = PBXFileReference; lastKnownFileType = sourcecode.swift; path = User.swift; sourceTree = "<group>"; };
		825BBA182C22C40900A99C38 /* ToDoListItem.swift */ = {isa = PBXFileReference; lastKnownFileType = sourcecode.swift; path = ToDoListItem.swift; sourceTree = "<group>"; };
		825BBA1A2C22C45100A99C38 /* MainViewViewModel.swift */ = {isa = PBXFileReference; lastKnownFileType = sourcecode.swift; path = MainViewViewModel.swift; sourceTree = "<group>"; };
		825BBA1C2C22C47F00A99C38 /* ProfileViewViewModel.swift */ = {isa = PBXFileReference; lastKnownFileType = sourcecode.swift; path = ProfileViewViewModel.swift; sourceTree = "<group>"; };
		825BBA1E2C22C4B600A99C38 /* ToDoListViewViewModel.swift */ = {isa = PBXFileReference; lastKnownFileType = sourcecode.swift; path = ToDoListViewViewModel.swift; sourceTree = "<group>"; };
		825BBA202C22C4E400A99C38 /* NewItemViewViewModel.swift */ = {isa = PBXFileReference; lastKnownFileType = sourcecode.swift; path = NewItemViewViewModel.swift; sourceTree = "<group>"; };
		825BBA222C22C50F00A99C38 /* LoginViewViewModel.swift */ = {isa = PBXFileReference; lastKnownFileType = sourcecode.swift; path = LoginViewViewModel.swift; sourceTree = "<group>"; };
		825BBA242C22C52A00A99C38 /* RegisterViewViewModel.swift */ = {isa = PBXFileReference; lastKnownFileType = sourcecode.swift; path = RegisterViewViewModel.swift; sourceTree = "<group>"; };
		825BBA262C22C57000A99C38 /* ToDoListItemViewViewModel.swift */ = {isa = PBXFileReference; lastKnownFileType = sourcecode.swift; path = ToDoListItemViewViewModel.swift; sourceTree = "<group>"; };
		825BBA282C24018900A99C38 /* BackgroundView.swift */ = {isa = PBXFileReference; lastKnownFileType = sourcecode.swift; path = BackgroundView.swift; sourceTree = "<group>"; };
		825BBA2A2C2656C600A99C38 /* TLButton.swift */ = {isa = PBXFileReference; lastKnownFileType = sourcecode.swift; path = TLButton.swift; sourceTree = "<group>"; };
		829A2B112C21500B0070C7C9 /* To do list.app */ = {isa = PBXFileReference; explicitFileType = wrapper.application; includeInIndex = 0; path = "To do list.app"; sourceTree = BUILT_PRODUCTS_DIR; };
		829A2B142C21500B0070C7C9 /* ToDoListApp.swift */ = {isa = PBXFileReference; lastKnownFileType = sourcecode.swift; path = ToDoListApp.swift; sourceTree = "<group>"; };
		829A2B162C21500B0070C7C9 /* MainView.swift */ = {isa = PBXFileReference; lastKnownFileType = sourcecode.swift; path = MainView.swift; sourceTree = "<group>"; };
		829A2B182C2150240070C7C9 /* Assets.xcassets */ = {isa = PBXFileReference; lastKnownFileType = folder.assetcatalog; path = Assets.xcassets; sourceTree = "<group>"; };
		829A2B1B2C2150240070C7C9 /* Preview Assets.xcassets */ = {isa = PBXFileReference; lastKnownFileType = folder.assetcatalog; path = "Preview Assets.xcassets"; sourceTree = "<group>"; };
/* End PBXFileReference section */

/* Begin PBXFrameworksBuildPhase section */
		829A2B0E2C21500B0070C7C9 /* Frameworks */ = {
			isa = PBXFrameworksBuildPhase;
			buildActionMask = 2147483647;
			files = (
				82D62F362CBB9FC100B8DDFB /* IQKeyboardManagerSwift in Frameworks */,
				829A2B262C2164220070C7C9 /* FirebaseAnalytics in Frameworks */,
				829A2B282C2164220070C7C9 /* FirebaseAuth in Frameworks */,
				829A2B2A2C2164220070C7C9 /* FirebaseFirestore in Frameworks */,
				829A2B2C2C2164220070C7C9 /* FirebaseFirestoreSwift in Frameworks */,
			);
			runOnlyForDeploymentPostprocessing = 0;
		};
/* End PBXFrameworksBuildPhase section */

/* Begin PBXGroup section */
		825BBA042C21884B00A99C38 /* Views */ = {
			isa = PBXGroup;
			children = (
				829A2B162C21500B0070C7C9 /* MainView.swift */,
				825BBA0A2C218D9500A99C38 /* ProfileView.swift */,
				825BBA0C2C218DFF00A99C38 /* ToDoListView.swift */,
				825BBA142C218FD900A99C38 /* ToDoListItemView.swift */,
				825BBA0E2C218E2800A99C38 /* NewItemView.swift */,
				825BBA102C218F6B00A99C38 /* LoginView.swift */,
				825BBA122C218F9700A99C38 /* RegisterView.swift */,
				825BBA282C24018900A99C38 /* BackgroundView.swift */,
				825BBA2A2C2656C600A99C38 /* TLButton.swift */,
			);
			path = Views;
			sourceTree = "<group>";
		};
		825BBA052C21885700A99C38 /* ViewModels */ = {
			isa = PBXGroup;
			children = (
				825BBA1A2C22C45100A99C38 /* MainViewViewModel.swift */,
				825BBA1C2C22C47F00A99C38 /* ProfileViewViewModel.swift */,
				825BBA262C22C57000A99C38 /* ToDoListItemViewViewModel.swift */,
				825BBA202C22C4E400A99C38 /* NewItemViewViewModel.swift */,
				825BBA222C22C50F00A99C38 /* LoginViewViewModel.swift */,
				825BBA242C22C52A00A99C38 /* RegisterViewViewModel.swift */,
				825BBA1E2C22C4B600A99C38 /* ToDoListViewViewModel.swift */,
			);
			path = ViewModels;
			sourceTree = "<group>";
		};
		825BBA062C2189D800A99C38 /* Models */ = {
			isa = PBXGroup;
			children = (
				825BBA162C22C3F300A99C38 /* User.swift */,
				825BBA182C22C40900A99C38 /* ToDoListItem.swift */,
			);
			path = Models;
			sourceTree = "<group>";
		};
		825BBA072C2189F200A99C38 /* Other */ = {
			isa = PBXGroup;
			children = (
				829A2B142C21500B0070C7C9 /* ToDoListApp.swift */,
				829A2B182C2150240070C7C9 /* Assets.xcassets */,
				820A68342C296441003A24B3 /* Extensions.swift */,
				82260E312C336DA700C465F7 /* Launch Screen.storyboard */,
			);
			path = Other;
			sourceTree = "<group>";
		};
		829A2B082C21500B0070C7C9 = {
			isa = PBXGroup;
			children = (
				829A2B132C21500B0070C7C9 /* To do list */,
				829A2B122C21500B0070C7C9 /* Products */,
			);
			sourceTree = "<group>";
		};
		829A2B122C21500B0070C7C9 /* Products */ = {
			isa = PBXGroup;
			children = (
				829A2B112C21500B0070C7C9 /* To do list.app */,
			);
			name = Products;
			sourceTree = "<group>";
		};
		829A2B132C21500B0070C7C9 /* To do list */ = {
			isa = PBXGroup;
			children = (
				825BBA072C2189F200A99C38 /* Other */,
				825BBA062C2189D800A99C38 /* Models */,
				825BBA052C21885700A99C38 /* ViewModels */,
				825BBA042C21884B00A99C38 /* Views */,
				829A2B1A2C2150240070C7C9 /* Preview Content */,
			);
			path = "To do list";
			sourceTree = "<group>";
		};
		829A2B1A2C2150240070C7C9 /* Preview Content */ = {
			isa = PBXGroup;
			children = (
				829A2B1B2C2150240070C7C9 /* Preview Assets.xcassets */,
			);
			path = "Preview Content";
			sourceTree = "<group>";
		};
/* End PBXGroup section */

/* Begin PBXNativeTarget section */
		829A2B102C21500B0070C7C9 /* To do list */ = {
			isa = PBXNativeTarget;
			buildConfigurationList = 829A2B1F2C2150240070C7C9 /* Build configuration list for PBXNativeTarget "To do list" */;
			buildPhases = (
				829A2B0D2C21500B0070C7C9 /* Sources */,
				829A2B0E2C21500B0070C7C9 /* Frameworks */,
				829A2B0F2C21500B0070C7C9 /* Resources */,
			);
			buildRules = (
			);
			dependencies = (
			);
			name = "To do list";
			packageProductDependencies = (
				829A2B252C2164220070C7C9 /* FirebaseAnalytics */,
				829A2B272C2164220070C7C9 /* FirebaseAuth */,
				829A2B292C2164220070C7C9 /* FirebaseFirestore */,
				829A2B2B2C2164220070C7C9 /* FirebaseFirestoreSwift */,
				82D62F352CBB9FC100B8DDFB /* IQKeyboardManagerSwift */,
			);
			productName = "To do list";
			productReference = 829A2B112C21500B0070C7C9 /* To do list.app */;
			productType = "com.apple.product-type.application";
		};
/* End PBXNativeTarget section */

/* Begin PBXProject section */
		829A2B092C21500B0070C7C9 /* Project object */ = {
			isa = PBXProject;
			attributes = {
				BuildIndependentTargetsInParallel = 1;
				LastSwiftUpdateCheck = 1540;
				LastUpgradeCheck = 1540;
				TargetAttributes = {
					829A2B102C21500B0070C7C9 = {
						CreatedOnToolsVersion = 15.4;
					};
				};
			};
			buildConfigurationList = 829A2B0C2C21500B0070C7C9 /* Build configuration list for PBXProject "To do list" */;
			compatibilityVersion = "Xcode 14.0";
			developmentRegion = en;
			hasScannedForEncodings = 0;
			knownRegions = (
				en,
				Base,
			);
			mainGroup = 829A2B082C21500B0070C7C9;
			packageReferences = (
				829A2B242C2164210070C7C9 /* XCRemoteSwiftPackageReference "firebase-ios-sdk" */,
				82D62F342CBB9FC000B8DDFB /* XCRemoteSwiftPackageReference "IQKeyboardManager" */,
			);
			productRefGroup = 829A2B122C21500B0070C7C9 /* Products */;
			projectDirPath = "";
			projectRoot = "";
			targets = (
				829A2B102C21500B0070C7C9 /* To do list */,
			);
		};
/* End PBXProject section */

/* Begin PBXResourcesBuildPhase section */
		829A2B0F2C21500B0070C7C9 /* Resources */ = {
			isa = PBXResourcesBuildPhase;
			buildActionMask = 2147483647;
			files = (
				829A2B1C2C2150240070C7C9 /* Preview Assets.xcassets in Resources */,
				829A2B192C2150240070C7C9 /* Assets.xcassets in Resources */,
				82260E322C336DA700C465F7 /* Launch Screen.storyboard in Resources */,
			);
			runOnlyForDeploymentPostprocessing = 0;
		};
/* End PBXResourcesBuildPhase section */

/* Begin PBXSourcesBuildPhase section */
		829A2B0D2C21500B0070C7C9 /* Sources */ = {
			isa = PBXSourcesBuildPhase;
			buildActionMask = 2147483647;
			files = (
				825BBA112C218F6B00A99C38 /* LoginView.swift in Sources */,
				825BBA292C24018A00A99C38 /* BackgroundView.swift in Sources */,
				829A2B172C21500B0070C7C9 /* MainView.swift in Sources */,
				825BBA252C22C52A00A99C38 /* RegisterViewViewModel.swift in Sources */,
				825BBA1B2C22C45100A99C38 /* MainViewViewModel.swift in Sources */,
				825BBA0D2C218DFF00A99C38 /* ToDoListView.swift in Sources */,
				825BBA132C218F9700A99C38 /* RegisterView.swift in Sources */,
				825BBA2B2C2656C600A99C38 /* TLButton.swift in Sources */,
				825BBA1D2C22C47F00A99C38 /* ProfileViewViewModel.swift in Sources */,
				825BBA0B2C218D9500A99C38 /* ProfileView.swift in Sources */,
				825BBA172C22C3F300A99C38 /* User.swift in Sources */,
				825BBA152C218FD900A99C38 /* ToDoListItemView.swift in Sources */,
				825BBA1F2C22C4B600A99C38 /* ToDoListViewViewModel.swift in Sources */,
				825BBA232C22C50F00A99C38 /* LoginViewViewModel.swift in Sources */,
				829A2B152C21500B0070C7C9 /* ToDoListApp.swift in Sources */,
				820A68352C296441003A24B3 /* Extensions.swift in Sources */,
				825BBA192C22C40900A99C38 /* ToDoListItem.swift in Sources */,
				825BBA0F2C218E2800A99C38 /* NewItemView.swift in Sources */,
				825BBA212C22C4E400A99C38 /* NewItemViewViewModel.swift in Sources */,
				825BBA272C22C57000A99C38 /* ToDoListItemViewViewModel.swift in Sources */,
			);
			runOnlyForDeploymentPostprocessing = 0;
		};
/* End PBXSourcesBuildPhase section */

/* Begin XCBuildConfiguration section */
		829A2B1D2C2150240070C7C9 /* Debug */ = {
			isa = XCBuildConfiguration;
			buildSettings = {
				ALWAYS_SEARCH_USER_PATHS = NO;
				ASSETCATALOG_COMPILER_GENERATE_SWIFT_ASSET_SYMBOL_EXTENSIONS = YES;
				CLANG_ANALYZER_NONNULL = YES;
				CLANG_ANALYZER_NUMBER_OBJECT_CONVERSION = YES_AGGRESSIVE;
				CLANG_CXX_LANGUAGE_STANDARD = "gnu++20";
				CLANG_ENABLE_MODULES = YES;
				CLANG_ENABLE_OBJC_ARC = YES;
				CLANG_ENABLE_OBJC_WEAK = YES;
				CLANG_WARN_BLOCK_CAPTURE_AUTORELEASING = YES;
				CLANG_WARN_BOOL_CONVERSION = YES;
				CLANG_WARN_COMMA = YES;
				CLANG_WARN_CONSTANT_CONVERSION = YES;
				CLANG_WARN_DEPRECATED_OBJC_IMPLEMENTATIONS = YES;
				CLANG_WARN_DIRECT_OBJC_ISA_USAGE = YES_ERROR;
				CLANG_WARN_DOCUMENTATION_COMMENTS = YES;
				CLANG_WARN_EMPTY_BODY = YES;
				CLANG_WARN_ENUM_CONVERSION = YES;
				CLANG_WARN_INFINITE_RECURSION = YES;
				CLANG_WARN_INT_CONVERSION = YES;
				CLANG_WARN_NON_LITERAL_NULL_CONVERSION = YES;
				CLANG_WARN_OBJC_IMPLICIT_RETAIN_SELF = YES;
				CLANG_WARN_OBJC_LITERAL_CONVERSION = YES;
				CLANG_WARN_OBJC_ROOT_CLASS = YES_ERROR;
				CLANG_WARN_QUOTED_INCLUDE_IN_FRAMEWORK_HEADER = YES;
				CLANG_WARN_RANGE_LOOP_ANALYSIS = YES;
				CLANG_WARN_STRICT_PROTOTYPES = YES;
				CLANG_WARN_SUSPICIOUS_MOVE = YES;
				CLANG_WARN_UNGUARDED_AVAILABILITY = YES_AGGRESSIVE;
				CLANG_WARN_UNREACHABLE_CODE = YES;
				CLANG_WARN__DUPLICATE_METHOD_MATCH = YES;
				COPY_PHASE_STRIP = NO;
				DEBUG_INFORMATION_FORMAT = dwarf;
				ENABLE_STRICT_OBJC_MSGSEND = YES;
				ENABLE_TESTABILITY = YES;
				ENABLE_USER_SCRIPT_SANDBOXING = YES;
				GCC_C_LANGUAGE_STANDARD = gnu17;
				GCC_DYNAMIC_NO_PIC = NO;
				GCC_NO_COMMON_BLOCKS = YES;
				GCC_OPTIMIZATION_LEVEL = 0;
				GCC_PREPROCESSOR_DEFINITIONS = (
					"DEBUG=1",
					"$(inherited)",
				);
				GCC_WARN_64_TO_32_BIT_CONVERSION = YES;
				GCC_WARN_ABOUT_RETURN_TYPE = YES_ERROR;
				GCC_WARN_UNDECLARED_SELECTOR = YES;
				GCC_WARN_UNINITIALIZED_AUTOS = YES_AGGRESSIVE;
				GCC_WARN_UNUSED_FUNCTION = YES;
				GCC_WARN_UNUSED_VARIABLE = YES;
				IPHONEOS_DEPLOYMENT_TARGET = 17.5;
				LOCALIZATION_PREFERS_STRING_CATALOGS = YES;
				MTL_ENABLE_DEBUG_INFO = INCLUDE_SOURCE;
				MTL_FAST_MATH = YES;
				ONLY_ACTIVE_ARCH = YES;
				SDKROOT = iphoneos;
				SWIFT_ACTIVE_COMPILATION_CONDITIONS = "DEBUG $(inherited)";
				SWIFT_OPTIMIZATION_LEVEL = "-Onone";
			};
			name = Debug;
		};
		829A2B1E2C2150240070C7C9 /* Release */ = {
			isa = XCBuildConfiguration;
			buildSettings = {
				ALWAYS_SEARCH_USER_PATHS = NO;
				ASSETCATALOG_COMPILER_GENERATE_SWIFT_ASSET_SYMBOL_EXTENSIONS = YES;
				CLANG_ANALYZER_NONNULL = YES;
				CLANG_ANALYZER_NUMBER_OBJECT_CONVERSION = YES_AGGRESSIVE;
				CLANG_CXX_LANGUAGE_STANDARD = "gnu++20";
				CLANG_ENABLE_MODULES = YES;
				CLANG_ENABLE_OBJC_ARC = YES;
				CLANG_ENABLE_OBJC_WEAK = YES;
				CLANG_WARN_BLOCK_CAPTURE_AUTORELEASING = YES;
				CLANG_WARN_BOOL_CONVERSION = YES;
				CLANG_WARN_COMMA = YES;
				CLANG_WARN_CONSTANT_CONVERSION = YES;
				CLANG_WARN_DEPRECATED_OBJC_IMPLEMENTATIONS = YES;
				CLANG_WARN_DIRECT_OBJC_ISA_USAGE = YES_ERROR;
				CLANG_WARN_DOCUMENTATION_COMMENTS = YES;
				CLANG_WARN_EMPTY_BODY = YES;
				CLANG_WARN_ENUM_CONVERSION = YES;
				CLANG_WARN_INFINITE_RECURSION = YES;
				CLANG_WARN_INT_CONVERSION = YES;
				CLANG_WARN_NON_LITERAL_NULL_CONVERSION = YES;
				CLANG_WARN_OBJC_IMPLICIT_RETAIN_SELF = YES;
				CLANG_WARN_OBJC_LITERAL_CONVERSION = YES;
				CLANG_WARN_OBJC_ROOT_CLASS = YES_ERROR;
				CLANG_WARN_QUOTED_INCLUDE_IN_FRAMEWORK_HEADER = YES;
				CLANG_WARN_RANGE_LOOP_ANALYSIS = YES;
				CLANG_WARN_STRICT_PROTOTYPES = YES;
				CLANG_WARN_SUSPICIOUS_MOVE = YES;
				CLANG_WARN_UNGUARDED_AVAILABILITY = YES_AGGRESSIVE;
				CLANG_WARN_UNREACHABLE_CODE = YES;
				CLANG_WARN__DUPLICATE_METHOD_MATCH = YES;
				COPY_PHASE_STRIP = NO;
				DEBUG_INFORMATION_FORMAT = "dwarf-with-dsym";
				ENABLE_NS_ASSERTIONS = NO;
				ENABLE_STRICT_OBJC_MSGSEND = YES;
				ENABLE_USER_SCRIPT_SANDBOXING = YES;
				GCC_C_LANGUAGE_STANDARD = gnu17;
				GCC_NO_COMMON_BLOCKS = YES;
				GCC_WARN_64_TO_32_BIT_CONVERSION = YES;
				GCC_WARN_ABOUT_RETURN_TYPE = YES_ERROR;
				GCC_WARN_UNDECLARED_SELECTOR = YES;
				GCC_WARN_UNINITIALIZED_AUTOS = YES_AGGRESSIVE;
				GCC_WARN_UNUSED_FUNCTION = YES;
				GCC_WARN_UNUSED_VARIABLE = YES;
				IPHONEOS_DEPLOYMENT_TARGET = 17.5;
				LOCALIZATION_PREFERS_STRING_CATALOGS = YES;
				MTL_ENABLE_DEBUG_INFO = NO;
				MTL_FAST_MATH = YES;
				SDKROOT = iphoneos;
				SWIFT_COMPILATION_MODE = wholemodule;
				VALIDATE_PRODUCT = YES;
			};
			name = Release;
		};
		829A2B202C2150240070C7C9 /* Debug */ = {
			isa = XCBuildConfiguration;
			buildSettings = {
				ASSETCATALOG_COMPILER_APPICON_NAME = AppIcon;
				ASSETCATALOG_COMPILER_GLOBAL_ACCENT_COLOR_NAME = AccentColor;
				CODE_SIGN_STYLE = Automatic;
				CURRENT_PROJECT_VERSION = 1;
				DEVELOPMENT_ASSET_PATHS = "\"To do list/Preview Content\"";
				DEVELOPMENT_TEAM = HW83W37BNF;
				ENABLE_PREVIEWS = YES;
				GENERATE_INFOPLIST_FILE = YES;
				INFOPLIST_KEY_UIApplicationSceneManifest_Generation = YES;
				INFOPLIST_KEY_UIApplicationSupportsIndirectInputEvents = YES;
				INFOPLIST_KEY_UILaunchScreen_Generation = YES;
				INFOPLIST_KEY_UILaunchStoryboardName = "Launch Screen.storyboard";
				INFOPLIST_KEY_UISupportedInterfaceOrientations_iPad = "UIInterfaceOrientationPortrait UIInterfaceOrientationPortraitUpsideDown UIInterfaceOrientationLandscapeLeft UIInterfaceOrientationLandscapeRight";
				INFOPLIST_KEY_UISupportedInterfaceOrientations_iPhone = "UIInterfaceOrientationPortrait UIInterfaceOrientationLandscapeLeft UIInterfaceOrientationLandscapeRight";
				LD_RUNPATH_SEARCH_PATHS = (
					"$(inherited)",
					"@executable_path/Frameworks",
				);
				MARKETING_VERSION = 1.0;
				PRODUCT_BUNDLE_IDENTIFIER = "Hisa.To-do-list";
				PRODUCT_NAME = "$(TARGET_NAME)";
				SWIFT_EMIT_LOC_STRINGS = YES;
				SWIFT_VERSION = 5.0;
				TARGETED_DEVICE_FAMILY = "1,2";
			};
			name = Debug;
		};
		829A2B212C2150240070C7C9 /* Release */ = {
			isa = XCBuildConfiguration;
			buildSettings = {
				ASSETCATALOG_COMPILER_APPICON_NAME = AppIcon;
				ASSETCATALOG_COMPILER_GLOBAL_ACCENT_COLOR_NAME = AccentColor;
				CODE_SIGN_STYLE = Automatic;
				CURRENT_PROJECT_VERSION = 1;
				DEVELOPMENT_ASSET_PATHS = "\"To do list/Preview Content\"";
				DEVELOPMENT_TEAM = HW83W37BNF;
				ENABLE_PREVIEWS = YES;
				GENERATE_INFOPLIST_FILE = YES;
				INFOPLIST_KEY_UIApplicationSceneManifest_Generation = YES;
				INFOPLIST_KEY_UIApplicationSupportsIndirectInputEvents = YES;
				INFOPLIST_KEY_UILaunchScreen_Generation = YES;
				INFOPLIST_KEY_UILaunchStoryboardName = "Launch Screen.storyboard";
				INFOPLIST_KEY_UISupportedInterfaceOrientations_iPad = "UIInterfaceOrientationPortrait UIInterfaceOrientationPortraitUpsideDown UIInterfaceOrientationLandscapeLeft UIInterfaceOrientationLandscapeRight";
				INFOPLIST_KEY_UISupportedInterfaceOrientations_iPhone = "UIInterfaceOrientationPortrait UIInterfaceOrientationLandscapeLeft UIInterfaceOrientationLandscapeRight";
				LD_RUNPATH_SEARCH_PATHS = (
					"$(inherited)",
					"@executable_path/Frameworks",
				);
				MARKETING_VERSION = 1.0;
				PRODUCT_BUNDLE_IDENTIFIER = "Hisa.To-do-list";
				PRODUCT_NAME = "$(TARGET_NAME)";
				SWIFT_EMIT_LOC_STRINGS = YES;
				SWIFT_VERSION = 5.0;
				TARGETED_DEVICE_FAMILY = "1,2";
			};
			name = Release;
		};
/* End XCBuildConfiguration section */

/* Begin XCConfigurationList section */
		829A2B0C2C21500B0070C7C9 /* Build configuration list for PBXProject "To do list" */ = {
			isa = XCConfigurationList;
			buildConfigurations = (
				829A2B1D2C2150240070C7C9 /* Debug */,
				829A2B1E2C2150240070C7C9 /* Release */,
			);
			defaultConfigurationIsVisible = 0;
			defaultConfigurationName = Release;
		};
		829A2B1F2C2150240070C7C9 /* Build configuration list for PBXNativeTarget "To do list" */ = {
			isa = XCConfigurationList;
			buildConfigurations = (
				829A2B202C2150240070C7C9 /* Debug */,
				829A2B212C2150240070C7C9 /* Release */,
			);
			defaultConfigurationIsVisible = 0;
			defaultConfigurationName = Release;
		};
/* End XCConfigurationList section */

/* Begin XCRemoteSwiftPackageReference section */
		829A2B242C2164210070C7C9 /* XCRemoteSwiftPackageReference "firebase-ios-sdk" */ = {
			isa = XCRemoteSwiftPackageReference;
			repositoryURL = "https://github.com/firebase/firebase-ios-sdk";
			requirement = {
				kind = upToNextMajorVersion;
				minimumVersion = 10.28.0;
			};
		};
		82D62F342CBB9FC000B8DDFB /* XCRemoteSwiftPackageReference "IQKeyboardManager" */ = {
			isa = XCRemoteSwiftPackageReference;
			repositoryURL = "https://github.com/hackiftekhar/IQKeyboardManager.git";
			requirement = {
				kind = upToNextMajorVersion;
				minimumVersion = 7.2.0;
			};
		};
/* End XCRemoteSwiftPackageReference section */

/* Begin XCSwiftPackageProductDependency section */
		829A2B252C2164220070C7C9 /* FirebaseAnalytics */ = {
			isa = XCSwiftPackageProductDependency;
			package = 829A2B242C2164210070C7C9 /* XCRemoteSwiftPackageReference "firebase-ios-sdk" */;
			productName = FirebaseAnalytics;
		};
		829A2B272C2164220070C7C9 /* FirebaseAuth */ = {
			isa = XCSwiftPackageProductDependency;
			package = 829A2B242C2164210070C7C9 /* XCRemoteSwiftPackageReference "firebase-ios-sdk" */;
			productName = FirebaseAuth;
		};
		829A2B292C2164220070C7C9 /* FirebaseFirestore */ = {
			isa = XCSwiftPackageProductDependency;
			package = 829A2B242C2164210070C7C9 /* XCRemoteSwiftPackageReference "firebase-ios-sdk" */;
			productName = FirebaseFirestore;
		};
		829A2B2B2C2164220070C7C9 /* FirebaseFirestoreSwift */ = {
			isa = XCSwiftPackageProductDependency;
			package = 829A2B242C2164210070C7C9 /* XCRemoteSwiftPackageReference "firebase-ios-sdk" */;
			productName = FirebaseFirestoreSwift;
		};
		82D62F352CBB9FC100B8DDFB /* IQKeyboardManagerSwift */ = {
			isa = XCSwiftPackageProductDependency;
			package = 82D62F342CBB9FC000B8DDFB /* XCRemoteSwiftPackageReference "IQKeyboardManager" */;
			productName = IQKeyboardManagerSwift;
		};
/* End XCSwiftPackageProductDependency section */
	};
	rootObject = 829A2B092C21500B0070C7C9 /* Project object */;
}
